{"1.1.0",
[{<<"cowlib">>,
  {git,"git://github.com/extend/cowlib.git",
       {ref,"14e597baa42a436469f99661ed7994685e269dc2"}},
  2},
 {<<"gun">>,
  {git,"git://github.com/extend/gun.git",
       {ref,"427230d6f94f5b8a396fd504a73d73d1d65ab0a7"}},
  1},
 {<<"jsx">>,{pkg,<<"jsx">>,<<"2.8.0">>},0},
 {<<"ranch">>,
  {git,"git://github.com/extend/ranch.git",
       {ref,"55c2a9d623454f372a15e99721a37093d8773b48"}},
  2},
 {<<"shotgun">>,
  {git,"git@git.corp.voyager.ph:eapesa/shotgun.git",
       {ref,"b6b4f7ba56b079880fa0a5ddcf30ba411397a148"}},
  0}]}.
[
{pkg_hash,[
 {<<"jsx">>, <<"749BEC6D205C694AE1786D62CEA6CC45A390437E24835FD16D12D74F07097727">>}]}
].
